{
  "version": 4,
  "terraform_version": "1.0.2",
  "serial": 90,
  "lineage": "a9a2dd9c-2930-c65d-3ca7-dabdd04a13de",
  "outputs": {
    "kubernetes_dashboard_service_name": {
      "value": "kubernetes-dashboard",
      "type": "string"
    },
    "kubernetes_dashboard_service_namespace": {
      "value": "kubernetes-dashboard",
      "type": "string"
    },
    "kubernetes_metrics_scraper_service_name": {
      "value": "dashboard-metrics-scraper",
      "type": "string"
    },
    "kubernetes_metrics_scraper_service_namespace": {
      "value": "kubernetes-dashboard",
      "type": "string"
    }
  },
  "resources": [
    {
      "mode": "managed",
      "type": "kubernetes_cluster_role",
      "name": "kubernetes_dashboard",
      "provider": "provider[\"registry.terraform.io/hashicorp/kubernetes\"]",
      "instances": [
        {
          "schema_version": 0,
          "attributes": {
            "aggregation_rule": [],
            "id": "kubernetes-dashboard",
            "metadata": [
              {
                "annotations": null,
                "generation": 0,
                "labels": {
                  "terraform-aws-eks/terraform-module": "kube-dashboard"
                },
                "name": "kubernetes-dashboard",
                "resource_version": "13057255",
                "uid": "43e2365d-2896-44fc-96dd-93f077416066"
              }
            ],
            "rule": [
              {
                "api_groups": [
                  "metrics.k8s.io"
                ],
                "non_resource_urls": null,
                "resource_names": null,
                "resources": [
                  "pods",
                  "nodes"
                ],
                "verbs": [
                  "get",
                  "list",
                  "watch"
                ]
              }
            ]
          },
          "sensitive_attributes": [],
          "private": "bnVsbA=="
        }
      ]
    },
    {
      "mode": "managed",
      "type": "kubernetes_cluster_role_binding",
      "name": "kubernetes_dashboard",
      "provider": "provider[\"registry.terraform.io/hashicorp/kubernetes\"]",
      "instances": [
        {
          "schema_version": 0,
          "attributes": {
            "id": "kubernetes-dashboard",
            "metadata": [
              {
                "annotations": null,
                "generation": 0,
                "labels": {
                  "terraform-aws-eks/terraform-module": "kube-dashboard"
                },
                "name": "kubernetes-dashboard",
                "resource_version": "13057290",
                "uid": "b793521a-6495-4029-a98b-bd37dc265f7d"
              }
            ],
            "role_ref": [
              {
                "api_group": "rbac.authorization.k8s.io",
                "kind": "ClusterRole",
                "name": "kubernetes-dashboard"
              }
            ],
            "subject": [
              {
                "api_group": "",
                "kind": "ServiceAccount",
                "name": "kubernetes-dashboard",
                "namespace": "kubernetes-dashboard"
              }
            ]
          },
          "sensitive_attributes": [],
          "private": "bnVsbA==",
          "dependencies": [
            "kubernetes_cluster_role.kubernetes_dashboard",
            "kubernetes_namespace.kubernetes_dashboard",
            "kubernetes_service_account.kubernetes_dashboard"
          ]
        }
      ]
    },
    {
      "mode": "managed",
      "type": "kubernetes_config_map",
      "name": "kubernetes_dashboard_settings",
      "provider": "provider[\"registry.terraform.io/hashicorp/kubernetes\"]",
      "instances": [
        {
          "schema_version": 0,
          "attributes": {
            "binary_data": null,
            "data": null,
            "id": "kubernetes-dashboard/kubernetes-dashboard-settings",
            "metadata": [
              {
                "annotations": null,
                "generate_name": "",
                "generation": 0,
                "labels": {
                  "terraform-aws-eks/terraform-module": "kube-dashboard"
                },
                "name": "kubernetes-dashboard-settings",
                "namespace": "kubernetes-dashboard",
                "resource_version": "13057266",
                "uid": "4fad9407-c847-4f59-a324-acca662d9494"
              }
            ]
          },
          "sensitive_attributes": [],
          "private": "bnVsbA==",
          "dependencies": [
            "kubernetes_namespace.kubernetes_dashboard"
          ]
        }
      ]
    },
    {
      "mode": "managed",
      "type": "kubernetes_deployment",
      "name": "kubernetes_dashboard",
      "provider": "provider[\"registry.terraform.io/hashicorp/kubernetes\"]",
      "instances": [
        {
          "schema_version": 1,
          "attributes": {
            "id": "kubernetes-dashboard/kubernetes-dashboard",
            "metadata": [
              {
                "annotations": null,
                "generate_name": "",
                "generation": 1,
                "labels": {
                  "terraform-aws-eks/terraform-module": "kube-dashboard"
                },
                "name": "kubernetes-dashboard",
                "namespace": "kubernetes-dashboard",
                "resource_version": "13057342",
                "uid": "5943616a-0999-4827-af23-21029119f125"
              }
            ],
            "spec": [
              {
                "min_ready_seconds": 0,
                "paused": false,
                "progress_deadline_seconds": 600,
                "replicas": "1",
                "revision_history_limit": 10,
                "selector": [
                  {
                    "match_expressions": [],
                    "match_labels": {
                      "terraform-aws-eks/application": "kubernetes-dashboard",
                      "terraform-aws-eks/process": "bootstrap",
                      "terraform-aws-eks/unit": "dashboard"
                    }
                  }
                ],
                "strategy": [
                  {
                    "rolling_update": [
                      {
                        "max_surge": "25%",
                        "max_unavailable": "25%"
                      }
                    ],
                    "type": "RollingUpdate"
                  }
                ],
                "template": [
                  {
                    "metadata": [
                      {
                        "annotations": null,
                        "generate_name": "",
                        "generation": 0,
                        "labels": {
                          "terraform-aws-eks/application": "kubernetes-dashboard",
                          "terraform-aws-eks/process": "bootstrap",
                          "terraform-aws-eks/terraform-module": "kube-dashboard",
                          "terraform-aws-eks/unit": "dashboard"
                        },
                        "name": "",
                        "namespace": "",
                        "resource_version": "",
                        "uid": ""
                      }
                    ],
                    "spec": [
                      {
                        "active_deadline_seconds": 0,
                        "affinity": [],
                        "automount_service_account_token": true,
                        "container": [
                          {
                            "args": [
                              "--namespace=kubernetes-dashboard",
                              "--auto-generate-certificates"
                            ],
                            "command": null,
                            "env": [],
                            "env_from": [],
                            "image": "kubernetesui/dashboard:v2.1.0",
                            "image_pull_policy": "Always",
                            "lifecycle": [],
                            "liveness_probe": [
                              {
                                "exec": [],
                                "failure_threshold": 3,
                                "http_get": [
                                  {
                                    "host": "",
                                    "http_header": [],
                                    "path": "/",
                                    "port": "8443",
                                    "scheme": "HTTPS"
                                  }
                                ],
                                "initial_delay_seconds": 30,
                                "period_seconds": 10,
                                "success_threshold": 1,
                                "tcp_socket": [],
                                "timeout_seconds": 30
                              }
                            ],
                            "name": "kubernetes-dashboard",
                            "port": [
                              {
                                "container_port": 8443,
                                "host_ip": "",
                                "host_port": 0,
                                "name": "",
                                "protocol": "TCP"
                              }
                            ],
                            "readiness_probe": [],
                            "resources": [
                              {
                                "limits": null,
                                "requests": null
                              }
                            ],
                            "security_context": [
                              {
                                "allow_privilege_escalation": false,
                                "capabilities": [],
                                "privileged": false,
                                "read_only_root_filesystem": true,
                                "run_as_group": "2001",
                                "run_as_non_root": false,
                                "run_as_user": "1001",
                                "se_linux_options": []
                              }
                            ],
                            "startup_probe": [],
                            "stdin": false,
                            "stdin_once": false,
                            "termination_message_path": "/dev/termination-log",
                            "termination_message_policy": "File",
                            "tty": false,
                            "volume_mount": [
                              {
                                "mount_path": "/certs",
                                "mount_propagation": "None",
                                "name": "kubernetes-dashboard-certs",
                                "read_only": false,
                                "sub_path": ""
                              },
                              {
                                "mount_path": "/tmp",
                                "mount_propagation": "None",
                                "name": "tmp-volume",
                                "read_only": false,
                                "sub_path": ""
                              }
                            ],
                            "working_dir": ""
                          }
                        ],
                        "dns_config": [],
                        "dns_policy": "ClusterFirst",
                        "enable_service_links": true,
                        "host_aliases": [],
                        "host_ipc": false,
                        "host_network": false,
                        "host_pid": false,
                        "hostname": "",
                        "image_pull_secrets": [],
                        "init_container": [],
                        "node_name": "",
                        "node_selector": {
                          "kubernetes.io/os": "linux"
                        },
                        "priority_class_name": "",
                        "readiness_gate": [],
                        "restart_policy": "Always",
                        "security_context": [],
                        "service_account_name": "kubernetes-dashboard",
                        "share_process_namespace": false,
                        "subdomain": "",
                        "termination_grace_period_seconds": 30,
                        "toleration": [
                          {
                            "effect": "NoSchedule",
                            "key": "node-role.kubernetes.io/master",
                            "operator": "Equal",
                            "toleration_seconds": "",
                            "value": ""
                          }
                        ],
                        "topology_spread_constraint": [],
                        "volume": [
                          {
                            "aws_elastic_block_store": [],
                            "azure_disk": [],
                            "azure_file": [],
                            "ceph_fs": [],
                            "cinder": [],
                            "config_map": [],
                            "csi": [],
                            "downward_api": [],
                            "empty_dir": [],
                            "fc": [],
                            "flex_volume": [],
                            "flocker": [],
                            "gce_persistent_disk": [],
                            "git_repo": [],
                            "glusterfs": [],
                            "host_path": [],
                            "iscsi": [],
                            "local": [],
                            "name": "kubernetes-dashboard-certs",
                            "nfs": [],
                            "persistent_volume_claim": [],
                            "photon_persistent_disk": [],
                            "projected": [],
                            "quobyte": [],
                            "rbd": [],
                            "secret": [
                              {
                                "default_mode": "0644",
                                "items": [],
                                "optional": false,
                                "secret_name": "kubernetes-dashboard-certs"
                              }
                            ],
                            "vsphere_volume": []
                          },
                          {
                            "aws_elastic_block_store": [],
                            "azure_disk": [],
                            "azure_file": [],
                            "ceph_fs": [],
                            "cinder": [],
                            "config_map": [],
                            "csi": [],
                            "downward_api": [],
                            "empty_dir": [
                              {
                                "medium": "",
                                "size_limit": ""
                              }
                            ],
                            "fc": [],
                            "flex_volume": [],
                            "flocker": [],
                            "gce_persistent_disk": [],
                            "git_repo": [],
                            "glusterfs": [],
                            "host_path": [],
                            "iscsi": [],
                            "local": [],
                            "name": "tmp-volume",
                            "nfs": [],
                            "persistent_volume_claim": [],
                            "photon_persistent_disk": [],
                            "projected": [],
                            "quobyte": [],
                            "rbd": [],
                            "secret": [],
                            "vsphere_volume": []
                          }
                        ]
                      }
                    ]
                  }
                ]
              }
            ],
            "timeouts": null,
            "wait_for_rollout": true
          },
          "sensitive_attributes": [],
          "private": "eyJlMmJmYjczMC1lY2FhLTExZTYtOGY4OC0zNDM2M2JjN2M0YzAiOnsiY3JlYXRlIjo2MDAwMDAwMDAwMDAsImRlbGV0ZSI6NjAwMDAwMDAwMDAwLCJ1cGRhdGUiOjYwMDAwMDAwMDAwMH0sInNjaGVtYV92ZXJzaW9uIjoiMSJ9",
          "dependencies": [
            "kubernetes_namespace.kubernetes_dashboard",
            "kubernetes_secret.kubernetes_dashboard_certs",
            "kubernetes_service_account.kubernetes_dashboard"
          ]
        }
      ]
    },
    {
      "mode": "managed",
      "type": "kubernetes_deployment",
      "name": "kubernetes_metrics_scraper",
      "provider": "provider[\"registry.terraform.io/hashicorp/kubernetes\"]",
      "instances": [
        {
          "schema_version": 1,
          "attributes": {
            "id": "kubernetes-dashboard/kubernetes-metrics-scraper",
            "metadata": [
              {
                "annotations": null,
                "generate_name": "",
                "generation": 1,
                "labels": {
                  "terraform-aws-eks/terraform-module": "kube-dashboard"
                },
                "name": "kubernetes-metrics-scraper",
                "namespace": "kubernetes-dashboard",
                "resource_version": "13057345",
                "uid": "c96e40b4-4c68-4d4a-b0d3-d0cf9a82ef36"
              }
            ],
            "spec": [
              {
                "min_ready_seconds": 0,
                "paused": false,
                "progress_deadline_seconds": 600,
                "replicas": "1",
                "revision_history_limit": 10,
                "selector": [
                  {
                    "match_expressions": [],
                    "match_labels": {
                      "terraform-aws-eks/application": "kubernetes-dashboard",
                      "terraform-aws-eks/process": "bootstrap",
                      "terraform-aws-eks/unit": "metrics-scraper"
                    }
                  }
                ],
                "strategy": [
                  {
                    "rolling_update": [
                      {
                        "max_surge": "25%",
                        "max_unavailable": "25%"
                      }
                    ],
                    "type": "RollingUpdate"
                  }
                ],
                "template": [
                  {
                    "metadata": [
                      {
                        "annotations": null,
                        "generate_name": "",
                        "generation": 0,
                        "labels": {
                          "terraform-aws-eks/application": "kubernetes-dashboard",
                          "terraform-aws-eks/process": "bootstrap",
                          "terraform-aws-eks/terraform-module": "kube-dashboard",
                          "terraform-aws-eks/unit": "metrics-scraper"
                        },
                        "name": "",
                        "namespace": "",
                        "resource_version": "",
                        "uid": ""
                      }
                    ],
                    "spec": [
                      {
                        "active_deadline_seconds": 0,
                        "affinity": [],
                        "automount_service_account_token": true,
                        "container": [
                          {
                            "args": null,
                            "command": null,
                            "env": [],
                            "env_from": [],
                            "image": "kubernetesui/metrics-scraper:v1.0.6",
                            "image_pull_policy": "Always",
                            "lifecycle": [],
                            "liveness_probe": [
                              {
                                "exec": [],
                                "failure_threshold": 3,
                                "http_get": [
                                  {
                                    "host": "",
                                    "http_header": [],
                                    "path": "/",
                                    "port": "8000",
                                    "scheme": "HTTP"
                                  }
                                ],
                                "initial_delay_seconds": 30,
                                "period_seconds": 10,
                                "success_threshold": 1,
                                "tcp_socket": [],
                                "timeout_seconds": 30
                              }
                            ],
                            "name": "kubernetes-metrics-scraper",
                            "port": [
                              {
                                "container_port": 8000,
                                "host_ip": "",
                                "host_port": 0,
                                "name": "",
                                "protocol": "TCP"
                              }
                            ],
                            "readiness_probe": [],
                            "resources": [
                              {
                                "limits": null,
                                "requests": null
                              }
                            ],
                            "security_context": [
                              {
                                "allow_privilege_escalation": false,
                                "capabilities": [],
                                "privileged": false,
                                "read_only_root_filesystem": true,
                                "run_as_group": "2001",
                                "run_as_non_root": false,
                                "run_as_user": "1001",
                                "se_linux_options": []
                              }
                            ],
                            "startup_probe": [],
                            "stdin": false,
                            "stdin_once": false,
                            "termination_message_path": "/dev/termination-log",
                            "termination_message_policy": "File",
                            "tty": false,
                            "volume_mount": [
                              {
                                "mount_path": "/tmp",
                                "mount_propagation": "None",
                                "name": "tmp-volume",
                                "read_only": false,
                                "sub_path": ""
                              }
                            ],
                            "working_dir": ""
                          }
                        ],
                        "dns_config": [],
                        "dns_policy": "ClusterFirst",
                        "enable_service_links": true,
                        "host_aliases": [],
                        "host_ipc": false,
                        "host_network": false,
                        "host_pid": false,
                        "hostname": "",
                        "image_pull_secrets": [],
                        "init_container": [],
                        "node_name": "",
                        "node_selector": {
                          "kubernetes.io/os": "linux"
                        },
                        "priority_class_name": "",
                        "readiness_gate": [],
                        "restart_policy": "Always",
                        "security_context": [],
                        "service_account_name": "kubernetes-dashboard",
                        "share_process_namespace": false,
                        "subdomain": "",
                        "termination_grace_period_seconds": 30,
                        "toleration": [
                          {
                            "effect": "NoSchedule",
                            "key": "node-role.kubernetes.io/master",
                            "operator": "Equal",
                            "toleration_seconds": "",
                            "value": ""
                          }
                        ],
                        "topology_spread_constraint": [],
                        "volume": [
                          {
                            "aws_elastic_block_store": [],
                            "azure_disk": [],
                            "azure_file": [],
                            "ceph_fs": [],
                            "cinder": [],
                            "config_map": [],
                            "csi": [],
                            "downward_api": [],
                            "empty_dir": [
                              {
                                "medium": "",
                                "size_limit": ""
                              }
                            ],
                            "fc": [],
                            "flex_volume": [],
                            "flocker": [],
                            "gce_persistent_disk": [],
                            "git_repo": [],
                            "glusterfs": [],
                            "host_path": [],
                            "iscsi": [],
                            "local": [],
                            "name": "tmp-volume",
                            "nfs": [],
                            "persistent_volume_claim": [],
                            "photon_persistent_disk": [],
                            "projected": [],
                            "quobyte": [],
                            "rbd": [],
                            "secret": [],
                            "vsphere_volume": []
                          }
                        ]
                      }
                    ]
                  }
                ]
              }
            ],
            "timeouts": null,
            "wait_for_rollout": true
          },
          "sensitive_attributes": [],
          "private": "eyJlMmJmYjczMC1lY2FhLTExZTYtOGY4OC0zNDM2M2JjN2M0YzAiOnsiY3JlYXRlIjo2MDAwMDAwMDAwMDAsImRlbGV0ZSI6NjAwMDAwMDAwMDAwLCJ1cGRhdGUiOjYwMDAwMDAwMDAwMH0sInNjaGVtYV92ZXJzaW9uIjoiMSJ9",
          "dependencies": [
            "kubernetes_namespace.kubernetes_dashboard",
            "kubernetes_service_account.kubernetes_dashboard"
          ]
        }
      ]
    },
    {
      "mode": "managed",
      "type": "kubernetes_namespace",
      "name": "kubernetes_dashboard",
      "provider": "provider[\"registry.terraform.io/hashicorp/kubernetes\"]",
      "instances": [
        {
          "index_key": 0,
          "schema_version": 0,
          "attributes": {
            "id": "kubernetes-dashboard",
            "metadata": [
              {
                "annotations": null,
                "generate_name": "",
                "generation": 0,
                "labels": null,
                "name": "kubernetes-dashboard",
                "resource_version": "13057256",
                "uid": "5aa17845-e4f9-4091-a55e-41fd3137fe62"
              }
            ],
            "timeouts": null
          },
          "sensitive_attributes": [],
          "private": "eyJlMmJmYjczMC1lY2FhLTExZTYtOGY4OC0zNDM2M2JjN2M0YzAiOnsiZGVsZXRlIjozMDAwMDAwMDAwMDB9fQ=="
        }
      ]
    },
    {
      "mode": "managed",
      "type": "kubernetes_role",
      "name": "kubernetes_dashboard",
      "provider": "provider[\"registry.terraform.io/hashicorp/kubernetes\"]",
      "instances": [
        {
          "schema_version": 0,
          "attributes": {
            "id": "kubernetes-dashboard/kubernetes-dashboard",
            "metadata": [
              {
                "annotations": null,
                "generate_name": "",
                "generation": 0,
                "labels": {
                  "terraform-aws-eks/terraform-module": "kube-dashboard"
                },
                "name": "kubernetes-dashboard",
                "namespace": "kubernetes-dashboard",
                "resource_version": "13057289",
                "uid": "7060bfdd-8787-407b-b031-0e154f73610a"
              }
            ],
            "rule": [
              {
                "api_groups": [
                  ""
                ],
                "resource_names": [
                  "kubernetes-dashboard-certs",
                  "kubernetes-dashboard-csrf",
                  "kubernetes-dashboard-key-holder"
                ],
                "resources": [
                  "secrets"
                ],
                "verbs": [
                  "delete",
                  "get",
                  "update"
                ]
              },
              {
                "api_groups": [
                  ""
                ],
                "resource_names": [
                  "kubernetes-dashboard-settings"
                ],
                "resources": [
                  "configmaps"
                ],
                "verbs": [
                  "get",
                  "update"
                ]
              },
              {
                "api_groups": [
                  ""
                ],
                "resource_names": [
                  "dashboard-metrics-scraper",
                  "heapster"
                ],
                "resources": [
                  "services"
                ],
                "verbs": [
                  "proxy"
                ]
              },
              {
                "api_groups": [
                  ""
                ],
                "resource_names": [
                  "dashboard-metrics-scraper",
                  "heapster",
                  "http:dashboard-metrics-scraper",
                  "http:heapster:",
                  "https:heapster:"
                ],
                "resources": [
                  "services/proxy"
                ],
                "verbs": [
                  "get"
                ]
              }
            ]
          },
          "sensitive_attributes": [],
          "private": "bnVsbA==",
          "dependencies": [
            "kubernetes_config_map.kubernetes_dashboard_settings",
            "kubernetes_namespace.kubernetes_dashboard",
            "kubernetes_secret.kubernetes_dashboard_certs",
            "kubernetes_secret.kubernetes_dashboard_csrf",
            "kubernetes_secret.kubernetes_dashboard_key_holder",
            "kubernetes_service.kubernetes_metrics_scraper"
          ]
        }
      ]
    },
    {
      "mode": "managed",
      "type": "kubernetes_role_binding",
      "name": "kubernetes_dashboard",
      "provider": "provider[\"registry.terraform.io/hashicorp/kubernetes\"]",
      "instances": [
        {
          "schema_version": 0,
          "attributes": {
            "id": "kubernetes-dashboard/kubernetes-dashboard",
            "metadata": [
              {
                "annotations": null,
                "generation": 0,
                "labels": {
                  "terraform-aws-eks/terraform-module": "kube-dashboard"
                },
                "name": "kubernetes-dashboard",
                "namespace": "kubernetes-dashboard",
                "resource_version": "13057329",
                "uid": "3a1fa7c4-948b-4660-9a65-e142de4cbd85"
              }
            ],
            "role_ref": [
              {
                "api_group": "rbac.authorization.k8s.io",
                "kind": "Role",
                "name": "kubernetes-dashboard"
              }
            ],
            "subject": [
              {
                "api_group": "",
                "kind": "ServiceAccount",
                "name": "kubernetes-dashboard",
                "namespace": "kubernetes-dashboard"
              }
            ]
          },
          "sensitive_attributes": [],
          "private": "bnVsbA==",
          "dependencies": [
            "kubernetes_config_map.kubernetes_dashboard_settings",
            "kubernetes_namespace.kubernetes_dashboard",
            "kubernetes_role.kubernetes_dashboard",
            "kubernetes_secret.kubernetes_dashboard_certs",
            "kubernetes_secret.kubernetes_dashboard_csrf",
            "kubernetes_secret.kubernetes_dashboard_key_holder",
            "kubernetes_service.kubernetes_metrics_scraper",
            "kubernetes_service_account.kubernetes_dashboard"
          ]
        }
      ]
    },
    {
      "mode": "managed",
      "type": "kubernetes_secret",
      "name": "kubernetes_dashboard_certs",
      "provider": "provider[\"registry.terraform.io/hashicorp/kubernetes\"]",
      "instances": [
        {
          "schema_version": 0,
          "attributes": {
            "binary_data": null,
            "data": {},
            "id": "kubernetes-dashboard/kubernetes-dashboard-certs",
            "immutable": false,
            "metadata": [
              {
                "annotations": null,
                "generate_name": "",
                "generation": 0,
                "labels": {
                  "terraform-aws-eks/terraform-module": "kube-dashboard"
                },
                "name": "kubernetes-dashboard-certs",
                "namespace": "kubernetes-dashboard",
                "resource_version": "13057270",
                "uid": "af1966c1-7bb4-4f8e-9dc6-0236847a4fe8"
              }
            ],
            "type": "Opaque"
          },
          "sensitive_attributes": [],
          "private": "bnVsbA==",
          "dependencies": [
            "kubernetes_namespace.kubernetes_dashboard"
          ]
        }
      ]
    },
    {
      "mode": "managed",
      "type": "kubernetes_secret",
      "name": "kubernetes_dashboard_csrf",
      "provider": "provider[\"registry.terraform.io/hashicorp/kubernetes\"]",
      "instances": [
        {
          "schema_version": 0,
          "attributes": {
            "binary_data": null,
            "data": {},
            "id": "kubernetes-dashboard/kubernetes-dashboard-csrf",
            "immutable": false,
            "metadata": [
              {
                "annotations": null,
                "generate_name": "",
                "generation": 0,
                "labels": {
                  "terraform-aws-eks/terraform-module": "kube-dashboard"
                },
                "name": "kubernetes-dashboard-csrf",
                "namespace": "kubernetes-dashboard",
                "resource_version": "13057267",
                "uid": "c759e526-6704-4780-8f12-a4153292bb1c"
              }
            ],
            "type": "Opaque"
          },
          "sensitive_attributes": [],
          "private": "bnVsbA==",
          "dependencies": [
            "kubernetes_namespace.kubernetes_dashboard"
          ]
        }
      ]
    },
    {
      "mode": "managed",
      "type": "kubernetes_secret",
      "name": "kubernetes_dashboard_key_holder",
      "provider": "provider[\"registry.terraform.io/hashicorp/kubernetes\"]",
      "instances": [
        {
          "schema_version": 0,
          "attributes": {
            "binary_data": null,
            "data": {},
            "id": "kubernetes-dashboard/kubernetes-dashboard-key-holder",
            "immutable": false,
            "metadata": [
              {
                "annotations": null,
                "generate_name": "",
                "generation": 0,
                "labels": null,
                "name": "kubernetes-dashboard-key-holder",
                "namespace": "kubernetes-dashboard",
                "resource_version": "13057269",
                "uid": "5a36cae4-5e58-471c-8107-e5e9d05d85cd"
              }
            ],
            "type": "Opaque"
          },
          "sensitive_attributes": [],
          "private": "bnVsbA==",
          "dependencies": [
            "kubernetes_namespace.kubernetes_dashboard"
          ]
        }
      ]
    },
    {
      "mode": "managed",
      "type": "kubernetes_service",
      "name": "kubernetes_dashboard",
      "provider": "provider[\"registry.terraform.io/hashicorp/kubernetes\"]",
      "instances": [
        {
          "schema_version": 1,
          "attributes": {
            "id": "kubernetes-dashboard/kubernetes-dashboard",
            "metadata": [
              {
                "annotations": null,
                "generate_name": "",
                "generation": 0,
                "labels": {
                  "terraform-aws-eks/terraform-module": "kube-dashboard"
                },
                "name": "kubernetes-dashboard",
                "namespace": "kubernetes-dashboard",
                "resource_version": "13057272",
                "uid": "ec1d9a6f-05bd-48b7-a79b-2f320dcb09a7"
              }
            ],
            "spec": [
              {
                "cluster_ip": "10.100.140.228",
                "external_ips": null,
                "external_name": "",
                "external_traffic_policy": "",
                "health_check_node_port": 0,
                "load_balancer_ip": "",
                "load_balancer_source_ranges": null,
                "port": [
                  {
                    "name": "",
                    "node_port": 0,
                    "port": 443,
                    "protocol": "TCP",
                    "target_port": "8443"
                  }
                ],
                "publish_not_ready_addresses": false,
                "selector": {
                  "terraform-aws-eks/application": "kubernetes-dashboard",
                  "terraform-aws-eks/process": "bootstrap",
                  "terraform-aws-eks/unit": "dashboard"
                },
                "session_affinity": "None",
                "type": "ClusterIP"
              }
            ],
            "status": [
              {
                "load_balancer": [
                  {
                    "ingress": []
                  }
                ]
              }
            ],
            "timeouts": null,
            "wait_for_load_balancer": true
          },
          "sensitive_attributes": [],
          "private": "eyJlMmJmYjczMC1lY2FhLTExZTYtOGY4OC0zNDM2M2JjN2M0YzAiOnsiY3JlYXRlIjo2MDAwMDAwMDAwMDB9LCJzY2hlbWFfdmVyc2lvbiI6IjEifQ==",
          "dependencies": [
            "kubernetes_namespace.kubernetes_dashboard"
          ]
        }
      ]
    },
    {
      "mode": "managed",
      "type": "kubernetes_service",
      "name": "kubernetes_metrics_scraper",
      "provider": "provider[\"registry.terraform.io/hashicorp/kubernetes\"]",
      "instances": [
        {
          "schema_version": 1,
          "attributes": {
            "id": "kubernetes-dashboard/dashboard-metrics-scraper",
            "metadata": [
              {
                "annotations": null,
                "generate_name": "",
                "generation": 0,
                "labels": {
                  "terraform-aws-eks/terraform-module": "kube-dashboard"
                },
                "name": "dashboard-metrics-scraper",
                "namespace": "kubernetes-dashboard",
                "resource_version": "13057276",
                "uid": "2b2ad436-f18e-477a-ab34-bc9ec7279da4"
              }
            ],
            "spec": [
              {
                "cluster_ip": "10.100.139.183",
                "external_ips": null,
                "external_name": "",
                "external_traffic_policy": "",
                "health_check_node_port": 0,
                "load_balancer_ip": "",
                "load_balancer_source_ranges": null,
                "port": [
                  {
                    "name": "",
                    "node_port": 0,
                    "port": 8000,
                    "protocol": "TCP",
                    "target_port": "8000"
                  }
                ],
                "publish_not_ready_addresses": false,
                "selector": {
                  "terraform-aws-eks/application": "kubernetes-dashboard",
                  "terraform-aws-eks/process": "bootstrap",
                  "terraform-aws-eks/unit": "metrics-scraper"
                },
                "session_affinity": "None",
                "type": "ClusterIP"
              }
            ],
            "status": [
              {
                "load_balancer": [
                  {
                    "ingress": []
                  }
                ]
              }
            ],
            "timeouts": null,
            "wait_for_load_balancer": true
          },
          "sensitive_attributes": [],
          "private": "eyJlMmJmYjczMC1lY2FhLTExZTYtOGY4OC0zNDM2M2JjN2M0YzAiOnsiY3JlYXRlIjo2MDAwMDAwMDAwMDB9LCJzY2hlbWFfdmVyc2lvbiI6IjEifQ==",
          "dependencies": [
            "kubernetes_namespace.kubernetes_dashboard"
          ]
        }
      ]
    },
    {
      "mode": "managed",
      "type": "kubernetes_service_account",
      "name": "kubernetes_dashboard",
      "provider": "provider[\"registry.terraform.io/hashicorp/kubernetes\"]",
      "instances": [
        {
          "schema_version": 0,
          "attributes": {
            "automount_service_account_token": true,
            "default_secret_name": "kubernetes-dashboard-token-wr8nw",
            "id": "kubernetes-dashboard/kubernetes-dashboard",
            "image_pull_secret": [],
            "metadata": [
              {
                "annotations": null,
                "generate_name": "",
                "generation": 0,
                "labels": {
                  "terraform-aws-eks/terraform-module": "kube-dashboard"
                },
                "name": "kubernetes-dashboard",
                "namespace": "kubernetes-dashboard",
                "resource_version": "13057277",
                "uid": "a2873da2-d722-4dc0-bc00-d00ce0b3e8cb"
              }
            ],
            "secret": [],
            "timeouts": null
          },
          "sensitive_attributes": [],
          "private": "eyJlMmJmYjczMC1lY2FhLTExZTYtOGY4OC0zNDM2M2JjN2M0YzAiOnsiY3JlYXRlIjozMDAwMDAwMDAwMH19",
          "dependencies": [
            "kubernetes_namespace.kubernetes_dashboard"
          ]
        }
      ]
    }
  ]
}
